
Microsoft Visual Studio Solution File, Format Version 11.00
# Visual Studio 2010
Project("{FAE04EC0-301F-11D3-BF4B-00C04F79EFBC}") = "CBusNoti", "CBusNoti\CBusNoti.csproj", "{94483C07-B4F7-43EE-AB69-1C377CB76F34}"
EndProject
Global
	GlobalSection(SolutionConfigurationPlatforms) = preSolution
		Debug|x86 = Debug|x86
		Release|x86 = Release|x86
	EndGlobalSection
	GlobalSection(ProjectConfigurationPlatforms) = postSolution
		{94483C07-B4F7-43EE-AB69-1C377CB76F34}.Debug|x86.ActiveCfg = Debug|x86
		{94483C07-B4F7-43EE-AB69-1C377CB76F34}.Debug|x86.Build.0 = Debug|x86
		{94483C07-B4F7-43EE-AB69-1C377CB76F34}.Release|x86.ActiveCfg = Release|x86
		{94483C07-B4F7-43EE-AB69-1C377CB76F34}.Release|x86.Build.0 = Release|x86
	EndGlobalSection
	GlobalSection(SolutionProperties) = preSolution
		HideSolutionNode = FALSE
	EndGlobalSection
EndGlobal
